
Microsoft Visual Studio Solution File, Format Version 12.00
# Visual Studio Version 17
VisualStudioVersion = 17.2.32616.157
MinimumVisualStudioVersion = 10.0.40219.1
Project("{FAE04EC0-301F-11D3-BF4B-00C04F79EFBC}") = "Ecomerce_back", "Ecomerce_back\Ecomerce_back.csproj", "{C5A88E84-3754-44B9-A230-5938CAC46328}"
EndProject
Global
	GlobalSection(SolutionConfigurationPlatforms) = preSolution
		Debug|Any CPU = Debug|Any CPU
		Release|Any CPU = Release|Any CPU
	EndGlobalSection
	GlobalSection(ProjectConfigurationPlatforms) = postSolution
		{C5A88E84-3754-44B9-A230-5938CAC46328}.Debug|Any CPU.ActiveCfg = Debug|Any CPU
		{C5A88E84-3754-44B9-A230-5938CAC46328}.Debug|Any CPU.Build.0 = Debug|Any CPU
		{C5A88E84-3754-44B9-A230-5938CAC46328}.Release|Any CPU.ActiveCfg = Release|Any CPU
		{C5A88E84-3754-44B9-A230-5938CAC46328}.Release|Any CPU.Build.0 = Release|Any CPU
	EndGlobalSection
	GlobalSection(SolutionProperties) = preSolution
		HideSolutionNode = FALSE
	EndGlobalSection
	GlobalSection(ExtensibilityGlobals) = postSolution
		SolutionGuid = {FDD6B61D-8DB0-4AA0-AE3D-CB985E2ECB30}
	EndGlobalSection
EndGlobal
